
Microsoft Visual Studio Solution File, Format Version 12.00
# Visual Studio Version 17
VisualStudioVersion = 17.7.34031.279
MinimumVisualStudioVersion = 10.0.40219.1
Project("{FAE04EC0-301F-11D3-BF4B-00C04F79EFBC}") = "DupalTestCase", "DupalTestCase\DupalTestCase.csproj", "{26B1C8A8-0C26-4FBB-9A0B-1B7B887C3FF2}"
EndProject
Project("{FAE04EC0-301F-11D3-BF4B-00C04F79EFBC}") = "DupalTestCaseTests", "DupalTestCaseTests\DupalTestCaseTests.csproj", "{3EA1E898-3455-4017-815D-FC084EFAEEFD}"
EndProject
Global
	GlobalSection(SolutionConfigurationPlatforms) = preSolution
		Debug|Any CPU = Debug|Any CPU
		Release|Any CPU = Release|Any CPU
	EndGlobalSection
	GlobalSection(ProjectConfigurationPlatforms) = postSolution
		{26B1C8A8-0C26-4FBB-9A0B-1B7B887C3FF2}.Debug|Any CPU.ActiveCfg = Debug|Any CPU
		{26B1C8A8-0C26-4FBB-9A0B-1B7B887C3FF2}.Debug|Any CPU.Build.0 = Debug|Any CPU
		{26B1C8A8-0C26-4FBB-9A0B-1B7B887C3FF2}.Release|Any CPU.ActiveCfg = Release|Any CPU
		{26B1C8A8-0C26-4FBB-9A0B-1B7B887C3FF2}.Release|Any CPU.Build.0 = Release|Any CPU
		{3EA1E898-3455-4017-815D-FC084EFAEEFD}.Debug|Any CPU.ActiveCfg = Debug|Any CPU
		{3EA1E898-3455-4017-815D-FC084EFAEEFD}.Debug|Any CPU.Build.0 = Debug|Any CPU
		{3EA1E898-3455-4017-815D-FC084EFAEEFD}.Release|Any CPU.ActiveCfg = Release|Any CPU
		{3EA1E898-3455-4017-815D-FC084EFAEEFD}.Release|Any CPU.Build.0 = Release|Any CPU
	EndGlobalSection
	GlobalSection(SolutionProperties) = preSolution
		HideSolutionNode = FALSE
	EndGlobalSection
	GlobalSection(ExtensibilityGlobals) = postSolution
		SolutionGuid = {764AAF9D-8D4E-4500-8BDF-0C14A90997F4}
	EndGlobalSection
EndGlobal
